
Microsoft Visual Studio Solution File, Format Version 12.00
Project("{FAE04EC0-301F-11D3-BF4B-00C04F79EFBC}") = "ProdSystem", "ProdSystem\ProdSystem.csproj", "{A93DE404-CB06-4DA3-9AEA-4BC22AE7CDB6}"
EndProject
Global
	GlobalSection(SolutionConfigurationPlatforms) = preSolution
		Debug|Any CPU = Debug|Any CPU
		Release|Any CPU = Release|Any CPU
	EndGlobalSection
	GlobalSection(ProjectConfigurationPlatforms) = postSolution
		{A93DE404-CB06-4DA3-9AEA-4BC22AE7CDB6}.Debug|Any CPU.ActiveCfg = Debug|Any CPU
		{A93DE404-CB06-4DA3-9AEA-4BC22AE7CDB6}.Debug|Any CPU.Build.0 = Debug|Any CPU
		{A93DE404-CB06-4DA3-9AEA-4BC22AE7CDB6}.Release|Any CPU.ActiveCfg = Release|Any CPU
		{A93DE404-CB06-4DA3-9AEA-4BC22AE7CDB6}.Release|Any CPU.Build.0 = Release|Any CPU
	EndGlobalSection
EndGlobal
